
Microsoft Visual Studio Solution File, Format Version 12.00
# Visual Studio Version 16
VisualStudioVersion = 16.0.30711.63
MinimumVisualStudioVersion = 10.0.40219.1
Project("{9A19103F-16F7-4668-BE54-9A1E7A4F7556}") = "DesignPatterns.State", "DesignPatterns.State\DesignPatterns.State.csproj", "{D7534DB6-669E-4DEA-BA7B-2F89DC99E9EA}"
EndProject
Project("{9A19103F-16F7-4668-BE54-9A1E7A4F7556}") = "Tests.DesignPatterns", "Tests.DesignPatterns\Tests.DesignPatterns.csproj", "{4800F4E6-D0F5-406B-AC5F-294D6CDD9A95}"
EndProject
Global
	GlobalSection(SolutionConfigurationPlatforms) = preSolution
		Debug|Any CPU = Debug|Any CPU
		Release|Any CPU = Release|Any CPU
	EndGlobalSection
	GlobalSection(ProjectConfigurationPlatforms) = postSolution
		{D7534DB6-669E-4DEA-BA7B-2F89DC99E9EA}.Debug|Any CPU.ActiveCfg = Debug|Any CPU
		{D7534DB6-669E-4DEA-BA7B-2F89DC99E9EA}.Debug|Any CPU.Build.0 = Debug|Any CPU
		{D7534DB6-669E-4DEA-BA7B-2F89DC99E9EA}.Release|Any CPU.ActiveCfg = Release|Any CPU
		{D7534DB6-669E-4DEA-BA7B-2F89DC99E9EA}.Release|Any CPU.Build.0 = Release|Any CPU
		{4800F4E6-D0F5-406B-AC5F-294D6CDD9A95}.Debug|Any CPU.ActiveCfg = Debug|Any CPU
		{4800F4E6-D0F5-406B-AC5F-294D6CDD9A95}.Debug|Any CPU.Build.0 = Debug|Any CPU
		{4800F4E6-D0F5-406B-AC5F-294D6CDD9A95}.Release|Any CPU.ActiveCfg = Release|Any CPU
		{4800F4E6-D0F5-406B-AC5F-294D6CDD9A95}.Release|Any CPU.Build.0 = Release|Any CPU
	EndGlobalSection
	GlobalSection(SolutionProperties) = preSolution
		HideSolutionNode = FALSE
	EndGlobalSection
	GlobalSection(ExtensibilityGlobals) = postSolution
		SolutionGuid = {5218EDAC-EF0A-4544-BC6C-F52D64D48C75}
	EndGlobalSection
EndGlobal
